Microsoft Visual Studio Solution File, Format Version 12.00
# Visual Studio 2013
VisualStudioVersion = 12.0.21005.1
MinimumVisualStudioVersion = 10.0.40219.1
Project("{8BC9CEB8-8B4A-11D0-8D11-00A0C91BC942}") = "cephes", "cephes\cephes.vcxproj", "{FC7AD06D-2E0C-4F13-AAEB-D725DD853ED8}"
EndProject
Project("{8BC9CEB8-8B4A-11D0-8D11-00A0C91BC942}") = "dcdflib", "dcdflib\dcdflib.vcxproj", "{425BDD92-D908-4425-B743-0068061C1AD9}"
EndProject
Project("{8BC9CEB8-8B4A-11D0-8D11-00A0C91BC942}") = "general", "general\general.vcxproj", "{D55FB306-81BA-4D6B-98B4-EFF496307F77}"
EndProject
Project("{8BC9CEB8-8B4A-11D0-8D11-00A0C91BC942}") = "homogeneous", "homogeneous\homogeneous.vcxproj", "{0F8E646A-D85C-484D-97B1-14157218B877}"
EndProject
Project("{8BC9CEB8-8B4A-11D0-8D11-00A0C91BC942}") = "nonhomog", "nonhomog\nonhomog.vcxproj", "{6221FC9A-B6DC-4EFC-8D6F-DDBEF2104118}"
EndProject
Project("{8BC9CEB8-8B4A-11D0-8D11-00A0C91BC942}") = "parametric", "parametric\parametric.vcxproj", "{CE48B74F-ADAF-413A-8AF7-DF71C3C61569}"
EndProject
Project("{8BC9CEB8-8B4A-11D0-8D11-00A0C91BC942}") = "ranlib", "ranlib\ranlib.vcxproj", "{74CE2A76-281B-45FA-BF1C-28450E92917D}"
EndProject
Project("{8BC9CEB8-8B4A-11D0-8D11-00A0C91BC942}") = "redcas", "redcas\redcas.vcxproj", "{BB65ABD0-6850-4275-8128-A46A1D44FD53}"
	ProjectSection(ProjectDependencies) = postProject
		{0F9BBA67-4900-4B66-B1DB-EE694EB00E3E} = {0F9BBA67-4900-4B66-B1DB-EE694EB00E3E}
	EndProjectSection
EndProject
Project("{8BC9CEB8-8B4A-11D0-8D11-00A0C91BC942}") = "slatec", "slatec\slatec.vcxproj", "{952AF742-6CC2-45A6-A0F1-F1FD8EB294E7}"
EndProject
Project("{8BC9CEB8-8B4A-11D0-8D11-00A0C91BC942}") = "testsuite", "testsuite\testsuite.vcxproj", "{49B5ACCC-2C7E-4D86-A3D4-C4186877E7B8}"
EndProject
Project("{8BC9CEB8-8B4A-11D0-8D11-00A0C91BC942}") = "redcassrv", "redcassrv\redcassrv.vcxproj", "{2E99D6C2-6EB0-4F04-84A4-D4625661DA90}"
	ProjectSection(ProjectDependencies) = postProject
		{EE7AEC2B-EC5D-470E-9B24-530E92A0E5ED} = {EE7AEC2B-EC5D-470E-9B24-530E92A0E5ED}
	EndProjectSection
EndProject
Project("{8BC9CEB8-8B4A-11D0-8D11-00A0C91BC942}") = "brassweibull", "brassweibull\brassweibull.vcxproj", "{0F9BBA67-4900-4B66-B1DB-EE694EB00E3E}"
EndProject
Project("{8BC9CEB8-8B4A-11D0-8D11-00A0C91BC942}") = "ccf", "ccf\ccf\ccf.vcxproj", "{EE7AEC2B-EC5D-470E-9B24-530E92A0E5ED}"
	ProjectSection(ProjectDependencies) = postProject
		{0F8E646A-D85C-484D-97B1-14157218B877} = {0F8E646A-D85C-484D-97B1-14157218B877}
	EndProjectSection
EndProject
Project("{8BC9CEB8-8B4A-11D0-8D11-00A0C91BC942}") = "licensing", "LicenseControl\licensing.vcxproj", "{21BDEA69-1623-4BA4-BF9C-367219A9F2D0}"
EndProject
Project("{8BC9CEB8-8B4A-11D0-8D11-00A0C91BC942}") = "weibullcore", "core\core.vcxproj", "{A64A9824-1D7E-4831-81F3-9E31C1BE18B1}"
EndProject
Global
	GlobalSection(SolutionConfigurationPlatforms) = preSolution
		Debug|Any CPU = Debug|Any CPU
		Debug|Mixed Platforms = Debug|Mixed Platforms
		Debug|Win32 = Debug|Win32
		Debug|x64 = Debug|x64
		GLOWCODE_REL|Any CPU = GLOWCODE_REL|Any CPU
		GLOWCODE_REL|Mixed Platforms = GLOWCODE_REL|Mixed Platforms
		GLOWCODE_REL|Win32 = GLOWCODE_REL|Win32
		GLOWCODE_REL|x64 = GLOWCODE_REL|x64
		glowcode|Any CPU = glowcode|Any CPU
		glowcode|Mixed Platforms = glowcode|Mixed Platforms
		glowcode|Win32 = glowcode|Win32
		glowcode|x64 = glowcode|x64
		Release|Any CPU = Release|Any CPU
		Release|Mixed Platforms = Release|Mixed Platforms
		Release|Win32 = Release|Win32
		Release|x64 = Release|x64
	EndGlobalSection
	GlobalSection(ProjectConfigurationPlatforms) = postSolution
		{FC7AD06D-2E0C-4F13-AAEB-D725DD853ED8}.Debug|Any CPU.ActiveCfg = Debug|x64
		{FC7AD06D-2E0C-4F13-AAEB-D725DD853ED8}.Debug|Mixed Platforms.ActiveCfg = Debug|x64
		{FC7AD06D-2E0C-4F13-AAEB-D725DD853ED8}.Debug|Mixed Platforms.Build.0 = Debug|x64
		{FC7AD06D-2E0C-4F13-AAEB-D725DD853ED8}.Debug|Win32.ActiveCfg = Debug|Win32
		{FC7AD06D-2E0C-4F13-AAEB-D725DD853ED8}.Debug|Win32.Build.0 = Debug|Win32
		{FC7AD06D-2E0C-4F13-AAEB-D725DD853ED8}.Debug|x64.ActiveCfg = Debug|x64
		{FC7AD06D-2E0C-4F13-AAEB-D725DD853ED8}.Debug|x64.Build.0 = Debug|x64
		{FC7AD06D-2E0C-4F13-AAEB-D725DD853ED8}.GLOWCODE_REL|Any CPU.ActiveCfg = Release|x64
		{FC7AD06D-2E0C-4F13-AAEB-D725DD853ED8}.GLOWCODE_REL|Mixed Platforms.ActiveCfg = Release|x64
		{FC7AD06D-2E0C-4F13-AAEB-D725DD853ED8}.GLOWCODE_REL|Mixed Platforms.Build.0 = Release|x64
		{FC7AD06D-2E0C-4F13-AAEB-D725DD853ED8}.GLOWCODE_REL|Win32.ActiveCfg = Release|x64
		{FC7AD06D-2E0C-4F13-AAEB-D725DD853ED8}.GLOWCODE_REL|x64.ActiveCfg = Release|x64
		{FC7AD06D-2E0C-4F13-AAEB-D725DD853ED8}.GLOWCODE_REL|x64.Build.0 = Release|x64
		{FC7AD06D-2E0C-4F13-AAEB-D725DD853ED8}.glowcode|Any CPU.ActiveCfg = Release|x64
		{FC7AD06D-2E0C-4F13-AAEB-D725DD853ED8}.glowcode|Mixed Platforms.ActiveCfg = Release|x64
		{FC7AD06D-2E0C-4F13-AAEB-D725DD853ED8}.glowcode|Mixed Platforms.Build.0 = Release|x64
		{FC7AD06D-2E0C-4F13-AAEB-D725DD853ED8}.glowcode|Win32.ActiveCfg = Release|x64
		{FC7AD06D-2E0C-4F13-AAEB-D725DD853ED8}.glowcode|x64.ActiveCfg = Release|x64
		{FC7AD06D-2E0C-4F13-AAEB-D725DD853ED8}.glowcode|x64.Build.0 = Release|x64
		{FC7AD06D-2E0C-4F13-AAEB-D725DD853ED8}.Release|Any CPU.ActiveCfg = Release|x64
		{FC7AD06D-2E0C-4F13-AAEB-D725DD853ED8}.Release|Mixed Platforms.ActiveCfg = Release|x64
		{FC7AD06D-2E0C-4F13-AAEB-D725DD853ED8}.Release|Mixed Platforms.Build.0 = Release|x64
		{FC7AD06D-2E0C-4F13-AAEB-D725DD853ED8}.Release|Win32.ActiveCfg = Release|Win32
		{FC7AD06D-2E0C-4F13-AAEB-D725DD853ED8}.Release|Win32.Build.0 = Release|Win32
		{FC7AD06D-2E0C-4F13-AAEB-D725DD853ED8}.Release|x64.ActiveCfg = Release|x64
		{FC7AD06D-2E0C-4F13-AAEB-D725DD853ED8}.Release|x64.Build.0 = Release|x64
		{425BDD92-D908-4425-B743-0068061C1AD9}.Debug|Any CPU.ActiveCfg = Debug|x64
		{425BDD92-D908-4425-B743-0068061C1AD9}.Debug|Mixed Platforms.ActiveCfg = Debug|x64
		{425BDD92-D908-4425-B743-0068061C1AD9}.Debug|Mixed Platforms.Build.0 = Debug|x64
		{425BDD92-D908-4425-B743-0068061C1AD9}.Debug|Win32.ActiveCfg = Debug|Win32
		{425BDD92-D908-4425-B743-0068061C1AD9}.Debug|Win32.Build.0 = Debug|Win32
		{425BDD92-D908-4425-B743-0068061C1AD9}.Debug|x64.ActiveCfg = Debug|x64
		{425BDD92-D908-4425-B743-0068061C1AD9}.Debug|x64.Build.0 = Debug|x64
		{425BDD92-D908-4425-B743-0068061C1AD9}.GLOWCODE_REL|Any CPU.ActiveCfg = Debug|x64
		{425BDD92-D908-4425-B743-0068061C1AD9}.GLOWCODE_REL|Mixed Platforms.ActiveCfg = Debug|x64
		{425BDD92-D908-4425-B743-0068061C1AD9}.GLOWCODE_REL|Mixed Platforms.Build.0 = Debug|x64
		{425BDD92-D908-4425-B743-0068061C1AD9}.GLOWCODE_REL|Win32.ActiveCfg = Debug|x64
		{425BDD92-D908-4425-B743-0068061C1AD9}.GLOWCODE_REL|x64.ActiveCfg = Debug|x64
		{425BDD92-D908-4425-B743-0068061C1AD9}.GLOWCODE_REL|x64.Build.0 = Debug|x64
		{425BDD92-D908-4425-B743-0068061C1AD9}.glowcode|Any CPU.ActiveCfg = Debug|x64
		{425BDD92-D908-4425-B743-0068061C1AD9}.glowcode|Mixed Platforms.ActiveCfg = Debug|x64
		{425BDD92-D908-4425-B743-0068061C1AD9}.glowcode|Mixed Platforms.Build.0 = Debug|x64
		{425BDD92-D908-4425-B743-0068061C1AD9}.glowcode|Win32.ActiveCfg = Debug|x64
		{425BDD92-D908-4425-B743-0068061C1AD9}.glowcode|x64.ActiveCfg = Debug|x64
		{425BDD92-D908-4425-B743-0068061C1AD9}.glowcode|x64.Build.0 = Debug|x64
		{425BDD92-D908-4425-B743-0068061C1AD9}.Release|Any CPU.ActiveCfg = Release|x64
		{425BDD92-D908-4425-B743-0068061C1AD9}.Release|Mixed Platforms.ActiveCfg = Release|x64
		{425BDD92-D908-4425-B743-0068061C1AD9}.Release|Mixed Platforms.Build.0 = Release|x64
		{425BDD92-D908-4425-B743-0068061C1AD9}.Release|Win32.ActiveCfg = Release|Win32
		{425BDD92-D908-4425-B743-0068061C1AD9}.Release|Win32.Build.0 = Release|Win32
		{425BDD92-D908-4425-B743-0068061C1AD9}.Release|x64.ActiveCfg = Release|x64
		{425BDD92-D908-4425-B743-0068061C1AD9}.Release|x64.Build.0 = Release|x64
		{D55FB306-81BA-4D6B-98B4-EFF496307F77}.Debug|Any CPU.ActiveCfg = Debug|x64
		{D55FB306-81BA-4D6B-98B4-EFF496307F77}.Debug|Mixed Platforms.ActiveCfg = Debug|x64
		{D55FB306-81BA-4D6B-98B4-EFF496307F77}.Debug|Mixed Platforms.Build.0 = Debug|x64
		{D55FB306-81BA-4D6B-98B4-EFF496307F77}.Debug|Win32.ActiveCfg = Debug|Win32
		{D55FB306-81BA-4D6B-98B4-EFF496307F77}.Debug|Win32.Build.0 = Debug|Win32
		{D55FB306-81BA-4D6B-98B4-EFF496307F77}.Debug|x64.ActiveCfg = Debug|x64
		{D55FB306-81BA-4D6B-98B4-EFF496307F77}.Debug|x64.Build.0 = Debug|x64
		{D55FB306-81BA-4D6B-98B4-EFF496307F77}.GLOWCODE_REL|Any CPU.ActiveCfg = Release|x64
		{D55FB306-81BA-4D6B-98B4-EFF496307F77}.GLOWCODE_REL|Mixed Platforms.ActiveCfg = Release|x64
		{D55FB306-81BA-4D6B-98B4-EFF496307F77}.GLOWCODE_REL|Mixed Platforms.Build.0 = Release|x64
		{D55FB306-81BA-4D6B-98B4-EFF496307F77}.GLOWCODE_REL|Win32.ActiveCfg = Release|x64
		{D55FB306-81BA-4D6B-98B4-EFF496307F77}.GLOWCODE_REL|x64.ActiveCfg = Release|x64
		{D55FB306-81BA-4D6B-98B4-EFF496307F77}.GLOWCODE_REL|x64.Build.0 = Release|x64
		{D55FB306-81BA-4D6B-98B4-EFF496307F77}.glowcode|Any CPU.ActiveCfg = Release|x64
		{D55FB306-81BA-4D6B-98B4-EFF496307F77}.glowcode|Mixed Platforms.ActiveCfg = Release|x64
		{D55FB306-81BA-4D6B-98B4-EFF496307F77}.glowcode|Mixed Platforms.Build.0 = Release|x64
		{D55FB306-81BA-4D6B-98B4-EFF496307F77}.glowcode|Win32.ActiveCfg = Release|x64
		{D55FB306-81BA-4D6B-98B4-EFF496307F77}.glowcode|x64.ActiveCfg = Release|x64
		{D55FB306-81BA-4D6B-98B4-EFF496307F77}.glowcode|x64.Build.0 = Release|x64
		{D55FB306-81BA-4D6B-98B4-EFF496307F77}.Release|Any CPU.ActiveCfg = Release|x64
		{D55FB306-81BA-4D6B-98B4-EFF496307F77}.Release|Mixed Platforms.ActiveCfg = Release|x64
		{D55FB306-81BA-4D6B-98B4-EFF496307F77}.Release|Mixed Platforms.Build.0 = Release|x64
		{D55FB306-81BA-4D6B-98B4-EFF496307F77}.Release|Win32.ActiveCfg = Release|Win32
		{D55FB306-81BA-4D6B-98B4-EFF496307F77}.Release|Win32.Build.0 = Release|Win32
		{D55FB306-81BA-4D6B-98B4-EFF496307F77}.Release|x64.ActiveCfg = Release|x64
		{D55FB306-81BA-4D6B-98B4-EFF496307F77}.Release|x64.Build.0 = Release|x64
		{0F8E646A-D85C-484D-97B1-14157218B877}.Debug|Any CPU.ActiveCfg = Debug|x64
		{0F8E646A-D85C-484D-97B1-14157218B877}.Debug|Mixed Platforms.ActiveCfg = Debug|x64
		{0F8E646A-D85C-484D-97B1-14157218B877}.Debug|Mixed Platforms.Build.0 = Debug|x64
		{0F8E646A-D85C-484D-97B1-14157218B877}.Debug|Win32.ActiveCfg = Debug|Win32
		{0F8E646A-D85C-484D-97B1-14157218B877}.Debug|Win32.Build.0 = Debug|Win32
		{0F8E646A-D85C-484D-97B1-14157218B877}.Debug|x64.ActiveCfg = Debug|x64
		{0F8E646A-D85C-484D-97B1-14157218B877}.Debug|x64.Build.0 = Debug|x64
		{0F8E646A-D85C-484D-97B1-14157218B877}.GLOWCODE_REL|Any CPU.ActiveCfg = Release|x64
		{0F8E646A-D85C-484D-97B1-14157218B877}.GLOWCODE_REL|Mixed Platforms.ActiveCfg = Release|x64
		{0F8E646A-D85C-484D-97B1-14157218B877}.GLOWCODE_REL|Mixed Platforms.Build.0 = Release|x64
		{0F8E646A-D85C-484D-97B1-14157218B877}.GLOWCODE_REL|Win32.ActiveCfg = Release|x64
		{0F8E646A-D85C-484D-97B1-14157218B877}.GLOWCODE_REL|x64.ActiveCfg = Release|x64
		{0F8E646A-D85C-484D-97B1-14157218B877}.GLOWCODE_REL|x64.Build.0 = Release|x64
		{0F8E646A-D85C-484D-97B1-14157218B877}.glowcode|Any CPU.ActiveCfg = Release|x64
		{0F8E646A-D85C-484D-97B1-14157218B877}.glowcode|Mixed Platforms.ActiveCfg = Release|x64
		{0F8E646A-D85C-484D-97B1-14157218B877}.glowcode|Mixed Platforms.Build.0 = Release|x64
		{0F8E646A-D85C-484D-97B1-14157218B877}.glowcode|Win32.ActiveCfg = Release|x64
		{0F8E646A-D85C-484D-97B1-14157218B877}.glowcode|x64.ActiveCfg = Release|x64
		{0F8E646A-D85C-484D-97B1-14157218B877}.glowcode|x64.Build.0 = Release|x64
		{0F8E646A-D85C-484D-97B1-14157218B877}.Release|Any CPU.ActiveCfg = Release|x64
		{0F8E646A-D85C-484D-97B1-14157218B877}.Release|Mixed Platforms.ActiveCfg = Release|x64
		{0F8E646A-D85C-484D-97B1-14157218B877}.Release|Mixed Platforms.Build.0 = Release|x64
		{0F8E646A-D85C-484D-97B1-14157218B877}.Release|Win32.ActiveCfg = Release|Win32
		{0F8E646A-D85C-484D-97B1-14157218B877}.Release|Win32.Build.0 = Release|Win32
		{0F8E646A-D85C-484D-97B1-14157218B877}.Release|x64.ActiveCfg = Release|x64
		{0F8E646A-D85C-484D-97B1-14157218B877}.Release|x64.Build.0 = Release|x64
		{6221FC9A-B6DC-4EFC-8D6F-DDBEF2104118}.Debug|Any CPU.ActiveCfg = Debug|x64
		{6221FC9A-B6DC-4EFC-8D6F-DDBEF2104118}.Debug|Mixed Platforms.ActiveCfg = Debug|x64
		{6221FC9A-B6DC-4EFC-8D6F-DDBEF2104118}.Debug|Mixed Platforms.Build.0 = Debug|x64
		{6221FC9A-B6DC-4EFC-8D6F-DDBEF2104118}.Debug|Win32.ActiveCfg = Debug|Win32
		{6221FC9A-B6DC-4EFC-8D6F-DDBEF2104118}.Debug|Win32.Build.0 = Debug|Win32
		{6221FC9A-B6DC-4EFC-8D6F-DDBEF2104118}.Debug|x64.ActiveCfg = Debug|x64
		{6221FC9A-B6DC-4EFC-8D6F-DDBEF2104118}.Debug|x64.Build.0 = Debug|x64
		{6221FC9A-B6DC-4EFC-8D6F-DDBEF2104118}.GLOWCODE_REL|Any CPU.ActiveCfg = Release|x64
		{6221FC9A-B6DC-4EFC-8D6F-DDBEF2104118}.GLOWCODE_REL|Mixed Platforms.ActiveCfg = Release|x64
		{6221FC9A-B6DC-4EFC-8D6F-DDBEF2104118}.GLOWCODE_REL|Mixed Platforms.Build.0 = Release|x64
		{6221FC9A-B6DC-4EFC-8D6F-DDBEF2104118}.GLOWCODE_REL|Win32.ActiveCfg = Release|x64
		{6221FC9A-B6DC-4EFC-8D6F-DDBEF2104118}.GLOWCODE_REL|x64.ActiveCfg = Release|x64
		{6221FC9A-B6DC-4EFC-8D6F-DDBEF2104118}.GLOWCODE_REL|x64.Build.0 = Release|x64
		{6221FC9A-B6DC-4EFC-8D6F-DDBEF2104118}.glowcode|Any CPU.ActiveCfg = Release|x64
		{6221FC9A-B6DC-4EFC-8D6F-DDBEF2104118}.glowcode|Mixed Platforms.ActiveCfg = Release|x64
		{6221FC9A-B6DC-4EFC-8D6F-DDBEF2104118}.glowcode|Mixed Platforms.Build.0 = Release|x64
		{6221FC9A-B6DC-4EFC-8D6F-DDBEF2104118}.glowcode|Win32.ActiveCfg = Release|x64
		{6221FC9A-B6DC-4EFC-8D6F-DDBEF2104118}.glowcode|x64.ActiveCfg = Release|x64
		{6221FC9A-B6DC-4EFC-8D6F-DDBEF2104118}.glowcode|x64.Build.0 = Release|x64
		{6221FC9A-B6DC-4EFC-8D6F-DDBEF2104118}.Release|Any CPU.ActiveCfg = Release|x64
		{6221FC9A-B6DC-4EFC-8D6F-DDBEF2104118}.Release|Mixed Platforms.ActiveCfg = Release|x64
		{6221FC9A-B6DC-4EFC-8D6F-DDBEF2104118}.Release|Mixed Platforms.Build.0 = Release|x64
		{6221FC9A-B6DC-4EFC-8D6F-DDBEF2104118}.Release|Win32.ActiveCfg = Release|Win32
		{6221FC9A-B6DC-4EFC-8D6F-DDBEF2104118}.Release|Win32.Build.0 = Release|Win32
		{6221FC9A-B6DC-4EFC-8D6F-DDBEF2104118}.Release|x64.ActiveCfg = Release|x64
		{6221FC9A-B6DC-4EFC-8D6F-DDBEF2104118}.Release|x64.Build.0 = Release|x64
		{CE48B74F-ADAF-413A-8AF7-DF71C3C61569}.Debug|Any CPU.ActiveCfg = Debug|x64
		{CE48B74F-ADAF-413A-8AF7-DF71C3C61569}.Debug|Mixed Platforms.ActiveCfg = Debug|x64
		{CE48B74F-ADAF-413A-8AF7-DF71C3C61569}.Debug|Mixed Platforms.Build.0 = Debug|x64
		{CE48B74F-ADAF-413A-8AF7-DF71C3C61569}.Debug|Win32.ActiveCfg = Debug|Win32
		{CE48B74F-ADAF-413A-8AF7-DF71C3C61569}.Debug|Win32.Build.0 = Debug|Win32
		{CE48B74F-ADAF-413A-8AF7-DF71C3C61569}.Debug|x64.ActiveCfg = Debug|x64
		{CE48B74F-ADAF-413A-8AF7-DF71C3C61569}.Debug|x64.Build.0 = Debug|x64
		{CE48B74F-ADAF-413A-8AF7-DF71C3C61569}.GLOWCODE_REL|Any CPU.ActiveCfg = Release|x64
		{CE48B74F-ADAF-413A-8AF7-DF71C3C61569}.GLOWCODE_REL|Mixed Platforms.ActiveCfg = Release|x64
		{CE48B74F-ADAF-413A-8AF7-DF71C3C61569}.GLOWCODE_REL|Mixed Platforms.Build.0 = Release|x64
		{CE48B74F-ADAF-413A-8AF7-DF71C3C61569}.GLOWCODE_REL|Win32.ActiveCfg = Release|x64
		{CE48B74F-ADAF-413A-8AF7-DF71C3C61569}.GLOWCODE_REL|x64.ActiveCfg = Release|x64
		{CE48B74F-ADAF-413A-8AF7-DF71C3C61569}.GLOWCODE_REL|x64.Build.0 = Release|x64
		{CE48B74F-ADAF-413A-8AF7-DF71C3C61569}.glowcode|Any CPU.ActiveCfg = Release|x64
		{CE48B74F-ADAF-413A-8AF7-DF71C3C61569}.glowcode|Mixed Platforms.ActiveCfg = Release|x64
		{CE48B74F-ADAF-413A-8AF7-DF71C3C61569}.glowcode|Mixed Platforms.Build.0 = Release|x64
		{CE48B74F-ADAF-413A-8AF7-DF71C3C61569}.glowcode|Win32.ActiveCfg = Release|x64
		{CE48B74F-ADAF-413A-8AF7-DF71C3C61569}.glowcode|x64.ActiveCfg = Release|x64
		{CE48B74F-ADAF-413A-8AF7-DF71C3C61569}.glowcode|x64.Build.0 = Release|x64
		{CE48B74F-ADAF-413A-8AF7-DF71C3C61569}.Release|Any CPU.ActiveCfg = Release|x64
		{CE48B74F-ADAF-413A-8AF7-DF71C3C61569}.Release|Mixed Platforms.ActiveCfg = Release|x64
		{CE48B74F-ADAF-413A-8AF7-DF71C3C61569}.Release|Mixed Platforms.Build.0 = Release|x64
		{CE48B74F-ADAF-413A-8AF7-DF71C3C61569}.Release|Win32.ActiveCfg = Release|Win32
		{CE48B74F-ADAF-413A-8AF7-DF71C3C61569}.Release|Win32.Build.0 = Release|Win32
		{CE48B74F-ADAF-413A-8AF7-DF71C3C61569}.Release|x64.ActiveCfg = Release|x64
		{CE48B74F-ADAF-413A-8AF7-DF71C3C61569}.Release|x64.Build.0 = Release|x64
		{74CE2A76-281B-45FA-BF1C-28450E92917D}.Debug|Any CPU.ActiveCfg = Debug|x64
		{74CE2A76-281B-45FA-BF1C-28450E92917D}.Debug|Mixed Platforms.ActiveCfg = Debug|x64
		{74CE2A76-281B-45FA-BF1C-28450E92917D}.Debug|Mixed Platforms.Build.0 = Debug|x64
		{74CE2A76-281B-45FA-BF1C-28450E92917D}.Debug|Win32.ActiveCfg = Debug|Win32
		{74CE2A76-281B-45FA-BF1C-28450E92917D}.Debug|Win32.Build.0 = Debug|Win32
		{74CE2A76-281B-45FA-BF1C-28450E92917D}.Debug|x64.ActiveCfg = Debug|x64
		{74CE2A76-281B-45FA-BF1C-28450E92917D}.Debug|x64.Build.0 = Debug|x64
		{74CE2A76-281B-45FA-BF1C-28450E92917D}.GLOWCODE_REL|Any CPU.ActiveCfg = Release|x64
		{74CE2A76-281B-45FA-BF1C-28450E92917D}.GLOWCODE_REL|Mixed Platforms.ActiveCfg = Release|x64
		{74CE2A76-281B-45FA-BF1C-28450E92917D}.GLOWCODE_REL|Mixed Platforms.Build.0 = Release|x64
		{74CE2A76-281B-45FA-BF1C-28450E92917D}.GLOWCODE_REL|Win32.ActiveCfg = Release|x64
		{74CE2A76-281B-45FA-BF1C-28450E92917D}.GLOWCODE_REL|x64.ActiveCfg = Release|x64
		{74CE2A76-281B-45FA-BF1C-28450E92917D}.GLOWCODE_REL|x64.Build.0 = Release|x64
		{74CE2A76-281B-45FA-BF1C-28450E92917D}.glowcode|Any CPU.ActiveCfg = Release|x64
		{74CE2A76-281B-45FA-BF1C-28450E92917D}.glowcode|Mixed Platforms.ActiveCfg = Release|x64
		{74CE2A76-281B-45FA-BF1C-28450E92917D}.glowcode|Mixed Platforms.Build.0 = Release|x64
		{74CE2A76-281B-45FA-BF1C-28450E92917D}.glowcode|Win32.ActiveCfg = Release|x64
		{74CE2A76-281B-45FA-BF1C-28450E92917D}.glowcode|x64.ActiveCfg = Release|x64
		{74CE2A76-281B-45FA-BF1C-28450E92917D}.glowcode|x64.Build.0 = Release|x64
		{74CE2A76-281B-45FA-BF1C-28450E92917D}.Release|Any CPU.ActiveCfg = Release|x64
		{74CE2A76-281B-45FA-BF1C-28450E92917D}.Release|Mixed Platforms.ActiveCfg = Release|x64
		{74CE2A76-281B-45FA-BF1C-28450E92917D}.Release|Mixed Platforms.Build.0 = Release|x64
		{74CE2A76-281B-45FA-BF1C-28450E92917D}.Release|Win32.ActiveCfg = Release|Win32
		{74CE2A76-281B-45FA-BF1C-28450E92917D}.Release|Win32.Build.0 = Release|Win32
		{74CE2A76-281B-45FA-BF1C-28450E92917D}.Release|x64.ActiveCfg = Release|x64
		{74CE2A76-281B-45FA-BF1C-28450E92917D}.Release|x64.Build.0 = Release|x64
		{BB65ABD0-6850-4275-8128-A46A1D44FD53}.Debug|Any CPU.ActiveCfg = Debug|x64
		{BB65ABD0-6850-4275-8128-A46A1D44FD53}.Debug|Mixed Platforms.ActiveCfg = Debug|x64
		{BB65ABD0-6850-4275-8128-A46A1D44FD53}.Debug|Mixed Platforms.Build.0 = Debug|x64
		{BB65ABD0-6850-4275-8128-A46A1D44FD53}.Debug|Win32.ActiveCfg = Debug|Win32
		{BB65ABD0-6850-4275-8128-A46A1D44FD53}.Debug|Win32.Build.0 = Debug|Win32
		{BB65ABD0-6850-4275-8128-A46A1D44FD53}.Debug|x64.ActiveCfg = Debug|x64
		{BB65ABD0-6850-4275-8128-A46A1D44FD53}.Debug|x64.Build.0 = Debug|x64
		{BB65ABD0-6850-4275-8128-A46A1D44FD53}.GLOWCODE_REL|Any CPU.ActiveCfg = Debug|x64
		{BB65ABD0-6850-4275-8128-A46A1D44FD53}.GLOWCODE_REL|Mixed Platforms.ActiveCfg = Debug|x64
		{BB65ABD0-6850-4275-8128-A46A1D44FD53}.GLOWCODE_REL|Mixed Platforms.Build.0 = Debug|x64
		{BB65ABD0-6850-4275-8128-A46A1D44FD53}.GLOWCODE_REL|Win32.ActiveCfg = Debug|x64
		{BB65ABD0-6850-4275-8128-A46A1D44FD53}.GLOWCODE_REL|x64.ActiveCfg = Debug|x64
		{BB65ABD0-6850-4275-8128-A46A1D44FD53}.GLOWCODE_REL|x64.Build.0 = Debug|x64
		{BB65ABD0-6850-4275-8128-A46A1D44FD53}.glowcode|Any CPU.ActiveCfg = Debug|x64
		{BB65ABD0-6850-4275-8128-A46A1D44FD53}.glowcode|Mixed Platforms.ActiveCfg = Debug|x64
		{BB65ABD0-6850-4275-8128-A46A1D44FD53}.glowcode|Mixed Platforms.Build.0 = Debug|x64
		{BB65ABD0-6850-4275-8128-A46A1D44FD53}.glowcode|Win32.ActiveCfg = Debug|x64
		{BB65ABD0-6850-4275-8128-A46A1D44FD53}.glowcode|x64.ActiveCfg = Debug|x64
		{BB65ABD0-6850-4275-8128-A46A1D44FD53}.glowcode|x64.Build.0 = Debug|x64
		{BB65ABD0-6850-4275-8128-A46A1D44FD53}.Release|Any CPU.ActiveCfg = Release|x64
		{BB65ABD0-6850-4275-8128-A46A1D44FD53}.Release|Mixed Platforms.ActiveCfg = Release|x64
		{BB65ABD0-6850-4275-8128-A46A1D44FD53}.Release|Mixed Platforms.Build.0 = Release|x64
		{BB65ABD0-6850-4275-8128-A46A1D44FD53}.Release|Win32.ActiveCfg = Release|Win32
		{BB65ABD0-6850-4275-8128-A46A1D44FD53}.Release|Win32.Build.0 = Release|Win32
		{BB65ABD0-6850-4275-8128-A46A1D44FD53}.Release|x64.ActiveCfg = Release|x64
		{BB65ABD0-6850-4275-8128-A46A1D44FD53}.Release|x64.Build.0 = Release|x64
		{952AF742-6CC2-45A6-A0F1-F1FD8EB294E7}.Debug|Any CPU.ActiveCfg = Debug|x64
		{952AF742-6CC2-45A6-A0F1-F1FD8EB294E7}.Debug|Mixed Platforms.ActiveCfg = Debug|x64
		{952AF742-6CC2-45A6-A0F1-F1FD8EB294E7}.Debug|Mixed Platforms.Build.0 = Debug|x64
		{952AF742-6CC2-45A6-A0F1-F1FD8EB294E7}.Debug|Win32.ActiveCfg = Debug|Win32
		{952AF742-6CC2-45A6-A0F1-F1FD8EB294E7}.Debug|Win32.Build.0 = Debug|Win32
		{952AF742-6CC2-45A6-A0F1-F1FD8EB294E7}.Debug|x64.ActiveCfg = Debug|x64
		{952AF742-6CC2-45A6-A0F1-F1FD8EB294E7}.Debug|x64.Build.0 = Debug|x64
		{952AF742-6CC2-45A6-A0F1-F1FD8EB294E7}.GLOWCODE_REL|Any CPU.ActiveCfg = Release|x64
		{952AF742-6CC2-45A6-A0F1-F1FD8EB294E7}.GLOWCODE_REL|Mixed Platforms.ActiveCfg = Release|x64
		{952AF742-6CC2-45A6-A0F1-F1FD8EB294E7}.GLOWCODE_REL|Mixed Platforms.Build.0 = Release|x64
		{952AF742-6CC2-45A6-A0F1-F1FD8EB294E7}.GLOWCODE_REL|Win32.ActiveCfg = Release|x64
		{952AF742-6CC2-45A6-A0F1-F1FD8EB294E7}.GLOWCODE_REL|x64.ActiveCfg = Release|x64
		{952AF742-6CC2-45A6-A0F1-F1FD8EB294E7}.GLOWCODE_REL|x64.Build.0 = Release|x64
		{952AF742-6CC2-45A6-A0F1-F1FD8EB294E7}.glowcode|Any CPU.ActiveCfg = Release|x64
		{952AF742-6CC2-45A6-A0F1-F1FD8EB294E7}.glowcode|Mixed Platforms.ActiveCfg = Release|x64
		{952AF742-6CC2-45A6-A0F1-F1FD8EB294E7}.glowcode|Mixed Platforms.Build.0 = Release|x64
		{952AF742-6CC2-45A6-A0F1-F1FD8EB294E7}.glowcode|Win32.ActiveCfg = Release|x64
		{952AF742-6CC2-45A6-A0F1-F1FD8EB294E7}.glowcode|x64.ActiveCfg = Release|x64
		{952AF742-6CC2-45A6-A0F1-F1FD8EB294E7}.glowcode|x64.Build.0 = Release|x64
		{952AF742-6CC2-45A6-A0F1-F1FD8EB294E7}.Release|Any CPU.ActiveCfg = Release|x64
		{952AF742-6CC2-45A6-A0F1-F1FD8EB294E7}.Release|Mixed Platforms.ActiveCfg = Release|x64
		{952AF742-6CC2-45A6-A0F1-F1FD8EB294E7}.Release|Mixed Platforms.Build.0 = Release|x64
		{952AF742-6CC2-45A6-A0F1-F1FD8EB294E7}.Release|Win32.ActiveCfg = Release|Win32
		{952AF742-6CC2-45A6-A0F1-F1FD8EB294E7}.Release|Win32.Build.0 = Release|Win32
		{952AF742-6CC2-45A6-A0F1-F1FD8EB294E7}.Release|x64.ActiveCfg = Release|x64
		{952AF742-6CC2-45A6-A0F1-F1FD8EB294E7}.Release|x64.Build.0 = Release|x64
		{49B5ACCC-2C7E-4D86-A3D4-C4186877E7B8}.Debug|Any CPU.ActiveCfg = Debug|x64
		{49B5ACCC-2C7E-4D86-A3D4-C4186877E7B8}.Debug|Mixed Platforms.ActiveCfg = Debug|x64
		{49B5ACCC-2C7E-4D86-A3D4-C4186877E7B8}.Debug|Mixed Platforms.Build.0 = Debug|x64
		{49B5ACCC-2C7E-4D86-A3D4-C4186877E7B8}.Debug|Win32.ActiveCfg = Debug|Win32
		{49B5ACCC-2C7E-4D86-A3D4-C4186877E7B8}.Debug|Win32.Build.0 = Debug|Win32
		{49B5ACCC-2C7E-4D86-A3D4-C4186877E7B8}.Debug|x64.ActiveCfg = Debug|x64
		{49B5ACCC-2C7E-4D86-A3D4-C4186877E7B8}.Debug|x64.Build.0 = Debug|x64
		{49B5ACCC-2C7E-4D86-A3D4-C4186877E7B8}.GLOWCODE_REL|Any CPU.ActiveCfg = Debug|x64
		{49B5ACCC-2C7E-4D86-A3D4-C4186877E7B8}.GLOWCODE_REL|Mixed Platforms.ActiveCfg = Debug|x64
		{49B5ACCC-2C7E-4D86-A3D4-C4186877E7B8}.GLOWCODE_REL|Mixed Platforms.Build.0 = Debug|x64
		{49B5ACCC-2C7E-4D86-A3D4-C4186877E7B8}.GLOWCODE_REL|Win32.ActiveCfg = Debug|x64
		{49B5ACCC-2C7E-4D86-A3D4-C4186877E7B8}.GLOWCODE_REL|x64.ActiveCfg = Debug|x64
		{49B5ACCC-2C7E-4D86-A3D4-C4186877E7B8}.GLOWCODE_REL|x64.Build.0 = Debug|x64
		{49B5ACCC-2C7E-4D86-A3D4-C4186877E7B8}.glowcode|Any CPU.ActiveCfg = Debug|x64
		{49B5ACCC-2C7E-4D86-A3D4-C4186877E7B8}.glowcode|Mixed Platforms.ActiveCfg = Debug|x64
		{49B5ACCC-2C7E-4D86-A3D4-C4186877E7B8}.glowcode|Mixed Platforms.Build.0 = Debug|x64
		{49B5ACCC-2C7E-4D86-A3D4-C4186877E7B8}.glowcode|Win32.ActiveCfg = Debug|x64
		{49B5ACCC-2C7E-4D86-A3D4-C4186877E7B8}.glowcode|x64.ActiveCfg = Debug|x64
		{49B5ACCC-2C7E-4D86-A3D4-C4186877E7B8}.glowcode|x64.Build.0 = Debug|x64
		{49B5ACCC-2C7E-4D86-A3D4-C4186877E7B8}.Release|Any CPU.ActiveCfg = Release|x64
		{49B5ACCC-2C7E-4D86-A3D4-C4186877E7B8}.Release|Mixed Platforms.ActiveCfg = Release|x64
		{49B5ACCC-2C7E-4D86-A3D4-C4186877E7B8}.Release|Mixed Platforms.Build.0 = Release|x64
		{49B5ACCC-2C7E-4D86-A3D4-C4186877E7B8}.Release|Win32.ActiveCfg = Release|Win32
		{49B5ACCC-2C7E-4D86-A3D4-C4186877E7B8}.Release|Win32.Build.0 = Release|Win32
		{49B5ACCC-2C7E-4D86-A3D4-C4186877E7B8}.Release|x64.ActiveCfg = Release|x64
		{49B5ACCC-2C7E-4D86-A3D4-C4186877E7B8}.Release|x64.Build.0 = Release|x64
		{2E99D6C2-6EB0-4F04-84A4-D4625661DA90}.Debug|Any CPU.ActiveCfg = Debug|x64
		{2E99D6C2-6EB0-4F04-84A4-D4625661DA90}.Debug|Mixed Platforms.ActiveCfg = Debug|x64
		{2E99D6C2-6EB0-4F04-84A4-D4625661DA90}.Debug|Mixed Platforms.Build.0 = Debug|x64
		{2E99D6C2-6EB0-4F04-84A4-D4625661DA90}.Debug|Win32.ActiveCfg = Debug|Win32
		{2E99D6C2-6EB0-4F04-84A4-D4625661DA90}.Debug|Win32.Build.0 = Debug|Win32
		{2E99D6C2-6EB0-4F04-84A4-D4625661DA90}.Debug|x64.ActiveCfg = Debug|x64
		{2E99D6C2-6EB0-4F04-84A4-D4625661DA90}.Debug|x64.Build.0 = Debug|x64
		{2E99D6C2-6EB0-4F04-84A4-D4625661DA90}.GLOWCODE_REL|Any CPU.ActiveCfg = Debug|x64
		{2E99D6C2-6EB0-4F04-84A4-D4625661DA90}.GLOWCODE_REL|Mixed Platforms.ActiveCfg = Debug|x64
		{2E99D6C2-6EB0-4F04-84A4-D4625661DA90}.GLOWCODE_REL|Mixed Platforms.Build.0 = Debug|x64
		{2E99D6C2-6EB0-4F04-84A4-D4625661DA90}.GLOWCODE_REL|Win32.ActiveCfg = Debug|x64
		{2E99D6C2-6EB0-4F04-84A4-D4625661DA90}.GLOWCODE_REL|x64.ActiveCfg = Debug|x64
		{2E99D6C2-6EB0-4F04-84A4-D4625661DA90}.GLOWCODE_REL|x64.Build.0 = Debug|x64
		{2E99D6C2-6EB0-4F04-84A4-D4625661DA90}.glowcode|Any CPU.ActiveCfg = Debug|x64
		{2E99D6C2-6EB0-4F04-84A4-D4625661DA90}.glowcode|Mixed Platforms.ActiveCfg = Debug|x64
		{2E99D6C2-6EB0-4F04-84A4-D4625661DA90}.glowcode|Mixed Platforms.Build.0 = Debug|x64
		{2E99D6C2-6EB0-4F04-84A4-D4625661DA90}.glowcode|Win32.ActiveCfg = Debug|x64
		{2E99D6C2-6EB0-4F04-84A4-D4625661DA90}.glowcode|x64.ActiveCfg = Debug|x64
		{2E99D6C2-6EB0-4F04-84A4-D4625661DA90}.glowcode|x64.Build.0 = Debug|x64
		{2E99D6C2-6EB0-4F04-84A4-D4625661DA90}.Release|Any CPU.ActiveCfg = Release|x64
		{2E99D6C2-6EB0-4F04-84A4-D4625661DA90}.Release|Mixed Platforms.ActiveCfg = Release|x64
		{2E99D6C2-6EB0-4F04-84A4-D4625661DA90}.Release|Mixed Platforms.Build.0 = Release|x64
		{2E99D6C2-6EB0-4F04-84A4-D4625661DA90}.Release|Win32.ActiveCfg = Release|Win32
		{2E99D6C2-6EB0-4F04-84A4-D4625661DA90}.Release|Win32.Build.0 = Release|Win32
		{2E99D6C2-6EB0-4F04-84A4-D4625661DA90}.Release|x64.ActiveCfg = Release|x64
		{2E99D6C2-6EB0-4F04-84A4-D4625661DA90}.Release|x64.Build.0 = Release|x64
		{0F9BBA67-4900-4B66-B1DB-EE694EB00E3E}.Debug|Any CPU.ActiveCfg = Debug|Win32
		{0F9BBA67-4900-4B66-B1DB-EE694EB00E3E}.Debug|Mixed Platforms.ActiveCfg = Debug|Win32
		{0F9BBA67-4900-4B66-B1DB-EE694EB00E3E}.Debug|Mixed Platforms.Build.0 = Debug|Win32
		{0F9BBA67-4900-4B66-B1DB-EE694EB00E3E}.Debug|Win32.ActiveCfg = Debug|Win32
		{0F9BBA67-4900-4B66-B1DB-EE694EB00E3E}.Debug|Win32.Build.0 = Debug|Win32
		{0F9BBA67-4900-4B66-B1DB-EE694EB00E3E}.Debug|x64.ActiveCfg = Debug|Win32
		{0F9BBA67-4900-4B66-B1DB-EE694EB00E3E}.GLOWCODE_REL|Any CPU.ActiveCfg = Release|Win32
		{0F9BBA67-4900-4B66-B1DB-EE694EB00E3E}.GLOWCODE_REL|Mixed Platforms.ActiveCfg = Release|Win32
		{0F9BBA67-4900-4B66-B1DB-EE694EB00E3E}.GLOWCODE_REL|Mixed Platforms.Build.0 = Release|Win32
		{0F9BBA67-4900-4B66-B1DB-EE694EB00E3E}.GLOWCODE_REL|Win32.ActiveCfg = Release|Win32
		{0F9BBA67-4900-4B66-B1DB-EE694EB00E3E}.GLOWCODE_REL|Win32.Build.0 = Release|Win32
		{0F9BBA67-4900-4B66-B1DB-EE694EB00E3E}.GLOWCODE_REL|x64.ActiveCfg = Release|Win32
		{0F9BBA67-4900-4B66-B1DB-EE694EB00E3E}.glowcode|Any CPU.ActiveCfg = Release|Win32
		{0F9BBA67-4900-4B66-B1DB-EE694EB00E3E}.glowcode|Mixed Platforms.ActiveCfg = Release|Win32
		{0F9BBA67-4900-4B66-B1DB-EE694EB00E3E}.glowcode|Mixed Platforms.Build.0 = Release|Win32
		{0F9BBA67-4900-4B66-B1DB-EE694EB00E3E}.glowcode|Win32.ActiveCfg = Release|Win32
		{0F9BBA67-4900-4B66-B1DB-EE694EB00E3E}.glowcode|Win32.Build.0 = Release|Win32
		{0F9BBA67-4900-4B66-B1DB-EE694EB00E3E}.glowcode|x64.ActiveCfg = Release|Win32
		{0F9BBA67-4900-4B66-B1DB-EE694EB00E3E}.Release|Any CPU.ActiveCfg = Release|Win32
		{0F9BBA67-4900-4B66-B1DB-EE694EB00E3E}.Release|Mixed Platforms.ActiveCfg = Release|Win32
		{0F9BBA67-4900-4B66-B1DB-EE694EB00E3E}.Release|Mixed Platforms.Build.0 = Release|Win32
		{0F9BBA67-4900-4B66-B1DB-EE694EB00E3E}.Release|Win32.ActiveCfg = Release|Win32
		{0F9BBA67-4900-4B66-B1DB-EE694EB00E3E}.Release|Win32.Build.0 = Release|Win32
		{0F9BBA67-4900-4B66-B1DB-EE694EB00E3E}.Release|x64.ActiveCfg = Release|x64
		{0F9BBA67-4900-4B66-B1DB-EE694EB00E3E}.Release|x64.Build.0 = Release|x64
		{EE7AEC2B-EC5D-470E-9B24-530E92A0E5ED}.Debug|Any CPU.ActiveCfg = Debug|Win32
		{EE7AEC2B-EC5D-470E-9B24-530E92A0E5ED}.Debug|Mixed Platforms.ActiveCfg = Debug|Win32
		{EE7AEC2B-EC5D-470E-9B24-530E92A0E5ED}.Debug|Mixed Platforms.Build.0 = Debug|Win32
		{EE7AEC2B-EC5D-470E-9B24-530E92A0E5ED}.Debug|Win32.ActiveCfg = Debug|Win32
		{EE7AEC2B-EC5D-470E-9B24-530E92A0E5ED}.Debug|Win32.Build.0 = Debug|Win32
		{EE7AEC2B-EC5D-470E-9B24-530E92A0E5ED}.Debug|x64.ActiveCfg = Debug|Win32
		{EE7AEC2B-EC5D-470E-9B24-530E92A0E5ED}.GLOWCODE_REL|Any CPU.ActiveCfg = Release|Win32
		{EE7AEC2B-EC5D-470E-9B24-530E92A0E5ED}.GLOWCODE_REL|Mixed Platforms.ActiveCfg = Release|Win32
		{EE7AEC2B-EC5D-470E-9B24-530E92A0E5ED}.GLOWCODE_REL|Mixed Platforms.Build.0 = Release|Win32
		{EE7AEC2B-EC5D-470E-9B24-530E92A0E5ED}.GLOWCODE_REL|Win32.ActiveCfg = Release|Win32
		{EE7AEC2B-EC5D-470E-9B24-530E92A0E5ED}.GLOWCODE_REL|Win32.Build.0 = Release|Win32
		{EE7AEC2B-EC5D-470E-9B24-530E92A0E5ED}.GLOWCODE_REL|x64.ActiveCfg = Release|Win32
		{EE7AEC2B-EC5D-470E-9B24-530E92A0E5ED}.glowcode|Any CPU.ActiveCfg = Release|Win32
		{EE7AEC2B-EC5D-470E-9B24-530E92A0E5ED}.glowcode|Mixed Platforms.ActiveCfg = Release|Win32
		{EE7AEC2B-EC5D-470E-9B24-530E92A0E5ED}.glowcode|Mixed Platforms.Build.0 = Release|Win32
		{EE7AEC2B-EC5D-470E-9B24-530E92A0E5ED}.glowcode|Win32.ActiveCfg = Release|Win32
		{EE7AEC2B-EC5D-470E-9B24-530E92A0E5ED}.glowcode|Win32.Build.0 = Release|Win32
		{EE7AEC2B-EC5D-470E-9B24-530E92A0E5ED}.glowcode|x64.ActiveCfg = Release|Win32
		{EE7AEC2B-EC5D-470E-9B24-530E92A0E5ED}.Release|Any CPU.ActiveCfg = Release|Win32
		{EE7AEC2B-EC5D-470E-9B24-530E92A0E5ED}.Release|Mixed Platforms.ActiveCfg = Release|Win32
		{EE7AEC2B-EC5D-470E-9B24-530E92A0E5ED}.Release|Mixed Platforms.Build.0 = Release|Win32
		{EE7AEC2B-EC5D-470E-9B24-530E92A0E5ED}.Release|Win32.ActiveCfg = Release|Win32
		{EE7AEC2B-EC5D-470E-9B24-530E92A0E5ED}.Release|Win32.Build.0 = Release|Win32
		{EE7AEC2B-EC5D-470E-9B24-530E92A0E5ED}.Release|x64.ActiveCfg = Release|Win32
		{21BDEA69-1623-4BA4-BF9C-367219A9F2D0}.Debug|Any CPU.ActiveCfg = Debug|Win32
		{21BDEA69-1623-4BA4-BF9C-367219A9F2D0}.Debug|Mixed Platforms.ActiveCfg = Debug|Win32
		{21BDEA69-1623-4BA4-BF9C-367219A9F2D0}.Debug|Mixed Platforms.Build.0 = Debug|Win32
		{21BDEA69-1623-4BA4-BF9C-367219A9F2D0}.Debug|Win32.ActiveCfg = Debug|Win32
		{21BDEA69-1623-4BA4-BF9C-367219A9F2D0}.Debug|Win32.Build.0 = Debug|Win32
		{21BDEA69-1623-4BA4-BF9C-367219A9F2D0}.Debug|x64.ActiveCfg = Debug|Win32
		{21BDEA69-1623-4BA4-BF9C-367219A9F2D0}.GLOWCODE_REL|Any CPU.ActiveCfg = Release|Win32
		{21BDEA69-1623-4BA4-BF9C-367219A9F2D0}.GLOWCODE_REL|Mixed Platforms.ActiveCfg = Release|Win32
		{21BDEA69-1623-4BA4-BF9C-367219A9F2D0}.GLOWCODE_REL|Mixed Platforms.Build.0 = Release|Win32
		{21BDEA69-1623-4BA4-BF9C-367219A9F2D0}.GLOWCODE_REL|Win32.ActiveCfg = Release|Win32
		{21BDEA69-1623-4BA4-BF9C-367219A9F2D0}.GLOWCODE_REL|Win32.Build.0 = Release|Win32
		{21BDEA69-1623-4BA4-BF9C-367219A9F2D0}.GLOWCODE_REL|x64.ActiveCfg = Release|Win32
		{21BDEA69-1623-4BA4-BF9C-367219A9F2D0}.glowcode|Any CPU.ActiveCfg = Release|Win32
		{21BDEA69-1623-4BA4-BF9C-367219A9F2D0}.glowcode|Mixed Platforms.ActiveCfg = Release|Win32
		{21BDEA69-1623-4BA4-BF9C-367219A9F2D0}.glowcode|Mixed Platforms.Build.0 = Release|Win32
		{21BDEA69-1623-4BA4-BF9C-367219A9F2D0}.glowcode|Win32.ActiveCfg = Release|Win32
		{21BDEA69-1623-4BA4-BF9C-367219A9F2D0}.glowcode|Win32.Build.0 = Release|Win32
		{21BDEA69-1623-4BA4-BF9C-367219A9F2D0}.glowcode|x64.ActiveCfg = Release|Win32
		{21BDEA69-1623-4BA4-BF9C-367219A9F2D0}.Release|Any CPU.ActiveCfg = Release|Win32
		{21BDEA69-1623-4BA4-BF9C-367219A9F2D0}.Release|Mixed Platforms.ActiveCfg = Release|Win32
		{21BDEA69-1623-4BA4-BF9C-367219A9F2D0}.Release|Mixed Platforms.Build.0 = Release|Win32
		{21BDEA69-1623-4BA4-BF9C-367219A9F2D0}.Release|Win32.ActiveCfg = Release|Win32
		{21BDEA69-1623-4BA4-BF9C-367219A9F2D0}.Release|Win32.Build.0 = Release|Win32
		{21BDEA69-1623-4BA4-BF9C-367219A9F2D0}.Release|x64.ActiveCfg = Release|Win32
		{A64A9824-1D7E-4831-81F3-9E31C1BE18B1}.Debug|Any CPU.ActiveCfg = Debug|Win32
		{A64A9824-1D7E-4831-81F3-9E31C1BE18B1}.Debug|Mixed Platforms.ActiveCfg = Debug|Win32
		{A64A9824-1D7E-4831-81F3-9E31C1BE18B1}.Debug|Mixed Platforms.Build.0 = Debug|Win32
		{A64A9824-1D7E-4831-81F3-9E31C1BE18B1}.Debug|Win32.ActiveCfg = Debug|Win32
		{A64A9824-1D7E-4831-81F3-9E31C1BE18B1}.Debug|Win32.Build.0 = Debug|Win32
		{A64A9824-1D7E-4831-81F3-9E31C1BE18B1}.Debug|x64.ActiveCfg = Debug|x64
		{A64A9824-1D7E-4831-81F3-9E31C1BE18B1}.Debug|x64.Build.0 = Debug|x64
		{A64A9824-1D7E-4831-81F3-9E31C1BE18B1}.GLOWCODE_REL|Any CPU.ActiveCfg = GLOWCODE_REL|Win32
		{A64A9824-1D7E-4831-81F3-9E31C1BE18B1}.GLOWCODE_REL|Mixed Platforms.ActiveCfg = GLOWCODE_REL|Win32
		{A64A9824-1D7E-4831-81F3-9E31C1BE18B1}.GLOWCODE_REL|Mixed Platforms.Build.0 = GLOWCODE_REL|Win32
		{A64A9824-1D7E-4831-81F3-9E31C1BE18B1}.GLOWCODE_REL|Win32.ActiveCfg = GLOWCODE_REL|Win32
		{A64A9824-1D7E-4831-81F3-9E31C1BE18B1}.GLOWCODE_REL|Win32.Build.0 = GLOWCODE_REL|Win32
		{A64A9824-1D7E-4831-81F3-9E31C1BE18B1}.GLOWCODE_REL|x64.ActiveCfg = GLOWCODE_REL|x64
		{A64A9824-1D7E-4831-81F3-9E31C1BE18B1}.GLOWCODE_REL|x64.Build.0 = GLOWCODE_REL|x64
		{A64A9824-1D7E-4831-81F3-9E31C1BE18B1}.glowcode|Any CPU.ActiveCfg = glowcode|Win32
		{A64A9824-1D7E-4831-81F3-9E31C1BE18B1}.glowcode|Mixed Platforms.ActiveCfg = glowcode|Win32
		{A64A9824-1D7E-4831-81F3-9E31C1BE18B1}.glowcode|Mixed Platforms.Build.0 = glowcode|Win32
		{A64A9824-1D7E-4831-81F3-9E31C1BE18B1}.glowcode|Win32.ActiveCfg = glowcode|Win32
		{A64A9824-1D7E-4831-81F3-9E31C1BE18B1}.glowcode|Win32.Build.0 = glowcode|Win32
		{A64A9824-1D7E-4831-81F3-9E31C1BE18B1}.glowcode|x64.ActiveCfg = glowcode|x64
		{A64A9824-1D7E-4831-81F3-9E31C1BE18B1}.glowcode|x64.Build.0 = glowcode|x64
		{A64A9824-1D7E-4831-81F3-9E31C1BE18B1}.Release|Any CPU.ActiveCfg = Release|Win32
		{A64A9824-1D7E-4831-81F3-9E31C1BE18B1}.Release|Mixed Platforms.ActiveCfg = Release|Win32
		{A64A9824-1D7E-4831-81F3-9E31C1BE18B1}.Release|Mixed Platforms.Build.0 = Release|Win32
		{A64A9824-1D7E-4831-81F3-9E31C1BE18B1}.Release|Win32.ActiveCfg = Release|Win32
		{A64A9824-1D7E-4831-81F3-9E31C1BE18B1}.Release|Win32.Build.0 = Release|Win32
		{A64A9824-1D7E-4831-81F3-9E31C1BE18B1}.Release|x64.ActiveCfg = Release|x64
		{A64A9824-1D7E-4831-81F3-9E31C1BE18B1}.Release|x64.Build.0 = Release|x64
	EndGlobalSection
	GlobalSection(SolutionProperties) = preSolution
		HideSolutionNode = FALSE
	EndGlobalSection
EndGlobal
